{
    "_meta": {
        "hash": {
            "sha256": "a8f170fbaeb39ae668a88f929a488374058c2a1a33e119621e3d2ddff231ff17"
        },
        "pipfile-spec": 6,
        "requires": {},
        "sources": [
            {
                "name": "pypi",
                "url": "https://pypi.org/simple",
                "verify_ssl": true
            }
        ]
    },
    "default": {
        "ml-buildkit": {
            "editable": true,
            "path": "."
        },
        "this-package": {
            "editable": true,
            "path": "."
        }
    },
    "develop": {
        "ml-buildkit": {
            "editable": true,
            "path": "."
        },
        "this-package": {
            "editable": true,
            "path": "."
        }
    }
}
